{
  "version": 4,
  "terraform_version": "1.5.7",
  "serial": 148,
  "lineage": "72d8a80e-2bed-ebb5-72b0-411881a8f3f8",
  "outputs": {},
  "resources": [
    {
      "mode": "managed",
      "type": "null_resource",
      "name": "format_volume_instance1",
      "provider": "provider[\"registry.terraform.io/hashicorp/null\"]",
      "instances": [
        {
          "schema_version": 0,
          "attributes": {
            "id": "6099775039255905842",
            "triggers": {
              "volume_id": "af462aad-b824-4773-b425-87926a8525d7"
            }
          },
          "sensitive_attributes": [],
          "dependencies": [
            "openstack_blockstorage_volume_v2.volume_1",
            "openstack_compute_flavor_v2.test-flavor",
            "openstack_compute_instance_v2.instance_1",
            "openstack_compute_secgroup_v2.secgroup_1",
            "openstack_compute_volume_attach_v2.attached1",
            "openstack_images_image_v2.test-image",
            "openstack_networking_network_v2.provider"
          ]
        }
      ]
    },
    {
      "mode": "managed",
      "type": "openstack_blockstorage_volume_v2",
      "name": "volume_1",
      "provider": "provider[\"registry.terraform.io/terraform-provider-openstack/openstack\"]",
      "instances": [
        {
          "schema_version": 0,
          "attributes": {
            "attachment": [],
            "availability_zone": "vol-comp1",
            "consistency_group_id": null,
            "description": "terraform created volume",
            "id": "af462aad-b824-4773-b425-87926a8525d7",
            "image_id": null,
            "metadata": {},
            "name": "volume0",
            "region": "RegionOne",
            "scheduler_hints": [],
            "size": 1,
            "snapshot_id": "",
            "source_replica": null,
            "source_vol_id": "",
            "timeouts": null,
            "volume_type": ""
          },
          "sensitive_attributes": [],
          "private": "eyJlMmJmYjczMC1lY2FhLTExZTYtOGY4OC0zNDM2M2JjN2M0YzAiOnsiY3JlYXRlIjo2MDAwMDAwMDAwMDAsImRlbGV0ZSI6NjAwMDAwMDAwMDAwfX0="
        }
      ]
    },
    {
      "mode": "managed",
      "type": "openstack_compute_aggregate_v2",
      "name": "my-host-aggregate",
      "provider": "provider[\"registry.terraform.io/terraform-provider-openstack/openstack\"]",
      "instances": [
        {
          "schema_version": 0,
          "attributes": {
            "hosts": [
              "compute"
            ],
            "id": "14",
            "metadata": null,
            "name": "comp1",
            "region": "RegionOne",
            "timeouts": null,
            "zone": "comp1"
          },
          "sensitive_attributes": [],
          "private": "eyJlMmJmYjczMC1lY2FhLTExZTYtOGY4OC0zNDM2M2JjN2M0YzAiOnsiY3JlYXRlIjo2MDAwMDAwMDAwMDAsImRlbGV0ZSI6NjAwMDAwMDAwMDAwLCJ1cGRhdGUiOjYwMDAwMDAwMDAwMH19"
        }
      ]
    },
    {
      "mode": "managed",
      "type": "openstack_compute_flavor_v2",
      "name": "test-flavor",
      "provider": "provider[\"registry.terraform.io/terraform-provider-openstack/openstack\"]",
      "instances": [
        {
          "schema_version": 0,
          "attributes": {
            "disk": 1,
            "ephemeral": 0,
            "extra_specs": {},
            "flavor_id": "6451303c-a30c-4fe9-9b9c-861d671a21b1",
            "id": "6451303c-a30c-4fe9-9b9c-861d671a21b1",
            "is_public": false,
            "name": "flavor0",
            "ram": 1024,
            "region": "RegionOne",
            "rx_tx_factor": 1,
            "swap": 0,
            "vcpus": 1
          },
          "sensitive_attributes": [],
          "private": "bnVsbA=="
        }
      ]
    },
    {
      "mode": "managed",
      "type": "openstack_compute_instance_v2",
      "name": "instance_1",
      "provider": "provider[\"registry.terraform.io/terraform-provider-openstack/openstack\"]",
      "instances": [
        {
          "schema_version": 0,
          "attributes": {
            "access_ip_v4": "10.253.17.178",
            "access_ip_v6": "",
            "admin_pass": null,
            "all_metadata": {},
            "all_tags": [],
            "availability_zone": "comp1",
            "availability_zone_hints": null,
            "block_device": [],
            "config_drive": null,
            "flavor_id": "6451303c-a30c-4fe9-9b9c-861d671a21b1",
            "flavor_name": "flavor0",
            "floating_ip": null,
            "force_delete": false,
            "id": "04d6bcb7-725d-4233-bb46-62e3b782a61d",
            "image_id": "a8449f92-e172-42dc-9624-fda77941c12a",
            "image_name": "cirros0",
            "key_pair": "",
            "metadata": null,
            "name": "instance0",
            "network": [
              {
                "access_network": false,
                "fixed_ip_v4": "10.253.17.178",
                "fixed_ip_v6": "",
                "floating_ip": "",
                "mac": "fa:16:3e:89:57:ab",
                "name": "provider",
                "port": "",
                "uuid": "325af53c-d278-4ff8-9ca0-40e94bbf960e"
              }
            ],
            "network_mode": null,
            "personality": [],
            "power_state": "active",
            "region": "RegionOne",
            "scheduler_hints": [],
            "security_groups": [
              "security_group0"
            ],
            "stop_before_destroy": false,
            "tags": null,
            "timeouts": null,
            "user_data": null,
            "vendor_options": [],
            "volume": []
          },
          "sensitive_attributes": [],
          "private": "eyJlMmJmYjczMC1lY2FhLTExZTYtOGY4OC0zNDM2M2JjN2M0YzAiOnsiY3JlYXRlIjoxODAwMDAwMDAwMDAwLCJkZWxldGUiOjE4MDAwMDAwMDAwMDAsInVwZGF0ZSI6MTgwMDAwMDAwMDAwMH19",
          "dependencies": [
            "openstack_compute_flavor_v2.test-flavor",
            "openstack_compute_secgroup_v2.secgroup_1",
            "openstack_images_image_v2.test-image",
            "openstack_networking_network_v2.provider"
          ]
        }
      ]
    },
    {
      "mode": "managed",
      "type": "openstack_compute_instance_v2",
      "name": "instance_2",
      "provider": "provider[\"registry.terraform.io/terraform-provider-openstack/openstack\"]",
      "instances": [
        {
          "schema_version": 0,
          "attributes": {
            "access_ip_v4": "10.253.17.179",
            "access_ip_v6": "",
            "admin_pass": null,
            "all_metadata": {},
            "all_tags": [],
            "availability_zone": "comp1",
            "availability_zone_hints": null,
            "block_device": [],
            "config_drive": null,
            "flavor_id": "6451303c-a30c-4fe9-9b9c-861d671a21b1",
            "flavor_name": "flavor0",
            "floating_ip": null,
            "force_delete": false,
            "id": "1cfa842a-e7e7-41c2-b82b-2a7a4c548a7f",
            "image_id": "a8449f92-e172-42dc-9624-fda77941c12a",
            "image_name": "cirros0",
            "key_pair": "",
            "metadata": null,
            "name": "instance1",
            "network": [
              {
                "access_network": false,
                "fixed_ip_v4": "10.253.17.179",
                "fixed_ip_v6": "",
                "floating_ip": "",
                "mac": "fa:16:3e:1d:e5:11",
                "name": "provider",
                "port": "",
                "uuid": "325af53c-d278-4ff8-9ca0-40e94bbf960e"
              }
            ],
            "network_mode": null,
            "personality": [],
            "power_state": "active",
            "region": "RegionOne",
            "scheduler_hints": [],
            "security_groups": [
              "security_group0"
            ],
            "stop_before_destroy": false,
            "tags": null,
            "timeouts": null,
            "user_data": null,
            "vendor_options": [],
            "volume": []
          },
          "sensitive_attributes": [],
          "private": "eyJlMmJmYjczMC1lY2FhLTExZTYtOGY4OC0zNDM2M2JjN2M0YzAiOnsiY3JlYXRlIjoxODAwMDAwMDAwMDAwLCJkZWxldGUiOjE4MDAwMDAwMDAwMDAsInVwZGF0ZSI6MTgwMDAwMDAwMDAwMH19",
          "dependencies": [
            "openstack_compute_flavor_v2.test-flavor",
            "openstack_compute_secgroup_v2.secgroup_1",
            "openstack_images_image_v2.test-image",
            "openstack_networking_network_v2.provider"
          ]
        }
      ]
    },
    {
      "mode": "managed",
      "type": "openstack_compute_secgroup_v2",
      "name": "secgroup_1",
      "provider": "provider[\"registry.terraform.io/terraform-provider-openstack/openstack\"]",
      "instances": [
        {
          "schema_version": 0,
          "attributes": {
            "description": "Default security group",
            "id": "27af7465-35b3-4db4-9482-9cddd2eeb6d7",
            "name": "security_group0",
            "region": "RegionOne",
            "rule": [
              {
                "cidr": "0.0.0.0/0",
                "from_group_id": "",
                "from_port": -1,
                "id": "f3e7a23b-844f-4aee-bcb3-789b16f90ea5",
                "ip_protocol": "icmp",
                "self": false,
                "to_port": -1
              },
              {
                "cidr": "0.0.0.0/0",
                "from_group_id": "",
                "from_port": 22,
                "id": "050b650c-afe1-4b00-b0df-5125e394f39c",
                "ip_protocol": "tcp",
                "self": false,
                "to_port": 22
              }
            ],
            "timeouts": null
          },
          "sensitive_attributes": [],
          "private": "eyJlMmJmYjczMC1lY2FhLTExZTYtOGY4OC0zNDM2M2JjN2M0YzAiOnsiZGVsZXRlIjo2MDAwMDAwMDAwMDB9fQ=="
        }
      ]
    },
    {
      "mode": "managed",
      "type": "openstack_compute_volume_attach_v2",
      "name": "attached1",
      "provider": "provider[\"registry.terraform.io/terraform-provider-openstack/openstack\"]",
      "instances": [
        {
          "schema_version": 0,
          "attributes": {
            "device": "/dev/vdb",
            "id": "04d6bcb7-725d-4233-bb46-62e3b782a61d/af462aad-b824-4773-b425-87926a8525d7",
            "instance_id": "04d6bcb7-725d-4233-bb46-62e3b782a61d",
            "multiattach": null,
            "region": "RegionOne",
            "timeouts": null,
            "vendor_options": [],
            "volume_id": "af462aad-b824-4773-b425-87926a8525d7"
          },
          "sensitive_attributes": [],
          "private": "eyJlMmJmYjczMC1lY2FhLTExZTYtOGY4OC0zNDM2M2JjN2M0YzAiOnsiY3JlYXRlIjo2MDAwMDAwMDAwMDAsImRlbGV0ZSI6NjAwMDAwMDAwMDAwfX0=",
          "dependencies": [
            "openstack_blockstorage_volume_v2.volume_1",
            "openstack_compute_flavor_v2.test-flavor",
            "openstack_compute_instance_v2.instance_1",
            "openstack_compute_secgroup_v2.secgroup_1",
            "openstack_images_image_v2.test-image",
            "openstack_networking_network_v2.provider"
          ]
        }
      ]
    },
    {
      "mode": "managed",
      "type": "openstack_images_image_v2",
      "name": "test-image",
      "provider": "provider[\"registry.terraform.io/terraform-provider-openstack/openstack\"]",
      "instances": [
        {
          "schema_version": 0,
          "attributes": {
            "checksum": "443b7623e27ecf03dc9e01ee93f67afe",
            "container_format": "bare",
            "created_at": "2023-09-13T10:15:13Z",
            "disk_format": "qcow2",
            "file": "/v2/images/a8449f92-e172-42dc-9624-fda77941c12a/file",
            "hidden": false,
            "id": "a8449f92-e172-42dc-9624-fda77941c12a",
            "image_cache_path": "/root/.terraform/image_cache",
            "image_id": "a8449f92-e172-42dc-9624-fda77941c12a",
            "image_source_password": null,
            "image_source_url": "https://download.cirros-cloud.net/0.4.0/cirros-0.4.0-x86_64-disk.img",
            "image_source_username": null,
            "local_file_path": null,
            "metadata": {},
            "min_disk_gb": 0,
            "min_ram_mb": 0,
            "name": "cirros0",
            "owner": "15cdcc44703141dea59fba85b6dac220",
            "properties": {
              "key": "value",
              "os_hash_algo": "sha512",
              "os_hash_value": "6513f21e44aa3da349f248188a44bc304a3653a04122d8fb4535423c8e1d14cd6a153f735bb0982e2161b5b5186106570c17a9e58b64dd39390617cd5a350f78"
            },
            "protected": false,
            "region": "RegionOne",
            "schema": "/v2/schemas/image",
            "size_bytes": 12716032,
            "status": "active",
            "tags": null,
            "timeouts": null,
            "update_at": "2023-09-13T10:15:14Z",
            "updated_at": "2023-09-13T10:15:14Z",
            "verify_checksum": null,
            "visibility": "public",
            "web_download": null
          },
          "sensitive_attributes": [],
          "private": "eyJlMmJmYjczMC1lY2FhLTExZTYtOGY4OC0zNDM2M2JjN2M0YzAiOnsiY3JlYXRlIjoxODAwMDAwMDAwMDAwfX0="
        }
      ]
    },
    {
      "mode": "managed",
      "type": "openstack_networking_network_v2",
      "name": "provider",
      "provider": "provider[\"registry.terraform.io/terraform-provider-openstack/openstack\"]",
      "instances": [
        {
          "schema_version": 0,
          "attributes": {
            "admin_state_up": true,
            "all_tags": [],
            "availability_zone_hints": [],
            "description": "",
            "dns_domain": "",
            "external": true,
            "id": "325af53c-d278-4ff8-9ca0-40e94bbf960e",
            "mtu": 1500,
            "name": "provider",
            "port_security_enabled": true,
            "qos_policy_id": "",
            "region": "RegionOne",
            "segments": [
              {
                "network_type": "flat",
                "physical_network": "provider",
                "segmentation_id": null
              }
            ],
            "shared": true,
            "tags": null,
            "tenant_id": "15cdcc44703141dea59fba85b6dac220",
            "timeouts": null,
            "transparent_vlan": false,
            "value_specs": null
          },
          "sensitive_attributes": [],
          "private": "eyJlMmJmYjczMC1lY2FhLTExZTYtOGY4OC0zNDM2M2JjN2M0YzAiOnsiY3JlYXRlIjo2MDAwMDAwMDAwMDAsImRlbGV0ZSI6NjAwMDAwMDAwMDAwfX0="
        }
      ]
    },
    {
      "mode": "managed",
      "type": "openstack_networking_subnet_v2",
      "name": "subnet_1",
      "provider": "provider[\"registry.terraform.io/terraform-provider-openstack/openstack\"]",
      "instances": [
        {
          "schema_version": 0,
          "attributes": {
            "all_tags": [],
            "allocation_pool": [
              {
                "end": "10.253.17.181",
                "start": "10.253.17.177"
              }
            ],
            "allocation_pools": [
              {
                "end": "10.253.17.181",
                "start": "10.253.17.177"
              }
            ],
            "cidr": "10.253.0.0/16",
            "description": "",
            "dns_nameservers": [
              "10.254.4.10"
            ],
            "enable_dhcp": true,
            "gateway_ip": "10.253.0.1",
            "host_routes": [],
            "id": "c53b183b-4252-4efd-90cd-87e75b94b64c",
            "ip_version": 4,
            "ipv6_address_mode": "",
            "ipv6_ra_mode": "",
            "name": "provider-sub0",
            "network_id": "325af53c-d278-4ff8-9ca0-40e94bbf960e",
            "no_gateway": false,
            "prefix_length": null,
            "region": "RegionOne",
            "subnetpool_id": "",
            "tags": null,
            "tenant_id": "15cdcc44703141dea59fba85b6dac220",
            "timeouts": null,
            "value_specs": null
          },
          "sensitive_attributes": [],
          "private": "eyJlMmJmYjczMC1lY2FhLTExZTYtOGY4OC0zNDM2M2JjN2M0YzAiOnsiY3JlYXRlIjo2MDAwMDAwMDAwMDAsImRlbGV0ZSI6NjAwMDAwMDAwMDAwfX0=",
          "dependencies": [
            "openstack_networking_network_v2.provider"
          ]
        }
      ]
    }
  ],
  "check_results": null
}
